// !$*UTF8*$!
{
	archiveVersion = 1;
	classes = {
	};
	objectVersion = 51;
	objects = {

/* Begin PBXBuildFile section */
		731A6C4623F782E1000C7EF1 /* DetailViewControler.swift in Sources */ = {isa = PBXBuildFile; fileRef = 731A6C4523F782E1000C7EF1 /* DetailViewControler.swift */; };
		732C2B3423F6BDAF00CEC14D /* AppDelegate.swift in Sources */ = {isa = PBXBuildFile; fileRef = 732C2B3323F6BDAF00CEC14D /* AppDelegate.swift */; };
		732C2B3623F6BDAF00CEC14D /* SceneDelegate.swift in Sources */ = {isa = PBXBuildFile; fileRef = 732C2B3523F6BDAF00CEC14D /* SceneDelegate.swift */; };
		732C2B3823F6BDAF00CEC14D /* PhotosViewController.swift in Sources */ = {isa = PBXBuildFile; fileRef = 732C2B3723F6BDAF00CEC14D /* PhotosViewController.swift */; };
		732C2B3B23F6BDAF00CEC14D /* Main.storyboard in Resources */ = {isa = PBXBuildFile; fileRef = 732C2B3923F6BDAF00CEC14D /* Main.storyboard */; };
		732C2B3D23F6BDB100CEC14D /* Assets.xcassets in Resources */ = {isa = PBXBuildFile; fileRef = 732C2B3C23F6BDB100CEC14D /* Assets.xcassets */; };
		732C2B4023F6BDB100CEC14D /* LaunchScreen.storyboard in Resources */ = {isa = PBXBuildFile; fileRef = 732C2B3E23F6BDB100CEC14D /* LaunchScreen.storyboard */; };
		732C2B4C23F6C00E00CEC14D /* ImageModel.swift in Sources */ = {isa = PBXBuildFile; fileRef = 732C2B4B23F6C00E00CEC14D /* ImageModel.swift */; };
		732C2B4E23F6C6C700CEC14D /* Router.swift in Sources */ = {isa = PBXBuildFile; fileRef = 732C2B4D23F6C6C700CEC14D /* Router.swift */; };
		732C2B5023F6CCEF00CEC14D /* Client.swift in Sources */ = {isa = PBXBuildFile; fileRef = 732C2B4F23F6CCEF00CEC14D /* Client.swift */; };
		73BC9B4623F74DCD00130C74 /* ImageViewCell.swift in Sources */ = {isa = PBXBuildFile; fileRef = 73BC9B4523F74DCD00130C74 /* ImageViewCell.swift */; };
		73BC9B4823F7525000130C74 /* ImageViewModel.swift in Sources */ = {isa = PBXBuildFile; fileRef = 73BC9B4723F7525000130C74 /* ImageViewModel.swift */; };
		73BC9B4B23F768E700130C74 /* Extensions.swift in Sources */ = {isa = PBXBuildFile; fileRef = 73BC9B4A23F768E700130C74 /* Extensions.swift */; };
		C891CFB9214BD730C65C0F0F /* Pods_SimplePhotoCollection.framework in Frameworks */ = {isa = PBXBuildFile; fileRef = 5AB94946F684D798338578FA /* Pods_SimplePhotoCollection.framework */; };
/* End PBXBuildFile section */

/* Begin PBXFileReference section */
		5AB94946F684D798338578FA /* Pods_SimplePhotoCollection.framework */ = {isa = PBXFileReference; explicitFileType = wrapper.framework; includeInIndex = 0; path = Pods_SimplePhotoCollection.framework; sourceTree = BUILT_PRODUCTS_DIR; };
		731A6C4523F782E1000C7EF1 /* DetailViewControler.swift */ = {isa = PBXFileReference; lastKnownFileType = sourcecode.swift; path = DetailViewControler.swift; sourceTree = "<group>"; };
		732C2B3023F6BDAF00CEC14D /* SimplePhotoCollection.app */ = {isa = PBXFileReference; explicitFileType = wrapper.application; includeInIndex = 0; path = SimplePhotoCollection.app; sourceTree = BUILT_PRODUCTS_DIR; };
		732C2B3323F6BDAF00CEC14D /* AppDelegate.swift */ = {isa = PBXFileReference; lastKnownFileType = sourcecode.swift; path = AppDelegate.swift; sourceTree = "<group>"; };
		732C2B3523F6BDAF00CEC14D /* SceneDelegate.swift */ = {isa = PBXFileReference; lastKnownFileType = sourcecode.swift; path = SceneDelegate.swift; sourceTree = "<group>"; };
		732C2B3723F6BDAF00CEC14D /* PhotosViewController.swift */ = {isa = PBXFileReference; lastKnownFileType = sourcecode.swift; path = PhotosViewController.swift; sourceTree = "<group>"; };
		732C2B3A23F6BDAF00CEC14D /* Base */ = {isa = PBXFileReference; lastKnownFileType = file.storyboard; name = Base; path = Base.lproj/Main.storyboard; sourceTree = "<group>"; };
		732C2B3C23F6BDB100CEC14D /* Assets.xcassets */ = {isa = PBXFileReference; lastKnownFileType = folder.assetcatalog; path = Assets.xcassets; sourceTree = "<group>"; };
		732C2B3F23F6BDB100CEC14D /* Base */ = {isa = PBXFileReference; lastKnownFileType = file.storyboard; name = Base; path = Base.lproj/LaunchScreen.storyboard; sourceTree = "<group>"; };
		732C2B4123F6BDB100CEC14D /* Info.plist */ = {isa = PBXFileReference; lastKnownFileType = text.plist.xml; path = Info.plist; sourceTree = "<group>"; };
		732C2B4B23F6C00E00CEC14D /* ImageModel.swift */ = {isa = PBXFileReference; lastKnownFileType = sourcecode.swift; path = ImageModel.swift; sourceTree = "<group>"; };
		732C2B4D23F6C6C700CEC14D /* Router.swift */ = {isa = PBXFileReference; lastKnownFileType = sourcecode.swift; path = Router.swift; sourceTree = "<group>"; };
		732C2B4F23F6CCEF00CEC14D /* Client.swift */ = {isa = PBXFileReference; lastKnownFileType = sourcecode.swift; path = Client.swift; sourceTree = "<group>"; };
		73BC9B4523F74DCD00130C74 /* ImageViewCell.swift */ = {isa = PBXFileReference; lastKnownFileType = sourcecode.swift; path = ImageViewCell.swift; sourceTree = "<group>"; };
		73BC9B4723F7525000130C74 /* ImageViewModel.swift */ = {isa = PBXFileReference; lastKnownFileType = sourcecode.swift; path = ImageViewModel.swift; sourceTree = "<group>"; };
		73BC9B4A23F768E700130C74 /* Extensions.swift */ = {isa = PBXFileReference; lastKnownFileType = sourcecode.swift; path = Extensions.swift; sourceTree = "<group>"; };
		8FD50103853E7EB3B9C7B10D /* Pods-SimplePhotoCollection.release.xcconfig */ = {isa = PBXFileReference; includeInIndex = 1; lastKnownFileType = text.xcconfig; name = "Pods-SimplePhotoCollection.release.xcconfig"; path = "Target Support Files/Pods-SimplePhotoCollection/Pods-SimplePhotoCollection.release.xcconfig"; sourceTree = "<group>"; };
		940EBBD5E6DBB2DAAD156326 /* Pods-SimplePhotoCollection.debug.xcconfig */ = {isa = PBXFileReference; includeInIndex = 1; lastKnownFileType = text.xcconfig; name = "Pods-SimplePhotoCollection.debug.xcconfig"; path = "Target Support Files/Pods-SimplePhotoCollection/Pods-SimplePhotoCollection.debug.xcconfig"; sourceTree = "<group>"; };
/* End PBXFileReference section */

/* Begin PBXFrameworksBuildPhase section */
		732C2B2D23F6BDAF00CEC14D /* Frameworks */ = {
			isa = PBXFrameworksBuildPhase;
			buildActionMask = 2147483647;
			files = (
				C891CFB9214BD730C65C0F0F /* Pods_SimplePhotoCollection.framework in Frameworks */,
			);
			runOnlyForDeploymentPostprocessing = 0;
		};
/* End PBXFrameworksBuildPhase section */

/* Begin PBXGroup section */
		55B6754F456F21644A629418 /* Frameworks */ = {
			isa = PBXGroup;
			children = (
				5AB94946F684D798338578FA /* Pods_SimplePhotoCollection.framework */,
			);
			name = Frameworks;
			sourceTree = "<group>";
		};
		732C2B2723F6BDAF00CEC14D = {
			isa = PBXGroup;
			children = (
				732C2B3223F6BDAF00CEC14D /* SimplePhotoCollection */,
				732C2B3123F6BDAF00CEC14D /* Products */,
				EE153DA7C6299D9B9F423644 /* Pods */,
				55B6754F456F21644A629418 /* Frameworks */,
			);
			sourceTree = "<group>";
		};
		732C2B3123F6BDAF00CEC14D /* Products */ = {
			isa = PBXGroup;
			children = (
				732C2B3023F6BDAF00CEC14D /* SimplePhotoCollection.app */,
			);
			name = Products;
			sourceTree = "<group>";
		};
		732C2B3223F6BDAF00CEC14D /* SimplePhotoCollection */ = {
			isa = PBXGroup;
			children = (
				73BC9B4923F768C500130C74 /* Extensions */,
				732C2B4A23F6BFD400CEC14D /* Network */,
				732C2B4823F6BDE800CEC14D /* Models */,
				73BC9B4223F74C2A00130C74 /* Views */,
				73BC9B4323F74C5A00130C74 /* ViewModels */,
				73BC9B4123F74BFD00130C74 /* Controllers */,
				732C2B4923F6BDFD00CEC14D /* Support Files */,
			);
			path = SimplePhotoCollection;
			sourceTree = "<group>";
		};
		732C2B4823F6BDE800CEC14D /* Models */ = {
			isa = PBXGroup;
			children = (
				732C2B4B23F6C00E00CEC14D /* ImageModel.swift */,
			);
			path = Models;
			sourceTree = "<group>";
		};
		732C2B4923F6BDFD00CEC14D /* Support Files */ = {
			isa = PBXGroup;
			children = (
				732C2B3323F6BDAF00CEC14D /* AppDelegate.swift */,
				732C2B3923F6BDAF00CEC14D /* Main.storyboard */,
				732C2B3C23F6BDB100CEC14D /* Assets.xcassets */,
				732C2B3E23F6BDB100CEC14D /* LaunchScreen.storyboard */,
				732C2B3523F6BDAF00CEC14D /* SceneDelegate.swift */,
				732C2B4123F6BDB100CEC14D /* Info.plist */,
			);
			path = "Support Files";
			sourceTree = "<group>";
		};
		732C2B4A23F6BFD400CEC14D /* Network */ = {
			isa = PBXGroup;
			children = (
				732C2B4D23F6C6C700CEC14D /* Router.swift */,
				732C2B4F23F6CCEF00CEC14D /* Client.swift */,
			);
			path = Network;
			sourceTree = "<group>";
		};
		73BC9B4123F74BFD00130C74 /* Controllers */ = {
			isa = PBXGroup;
			children = (
				732C2B3723F6BDAF00CEC14D /* PhotosViewController.swift */,
				731A6C4523F782E1000C7EF1 /* DetailViewControler.swift */,
			);
			path = Controllers;
			sourceTree = "<group>";
		};
		73BC9B4223F74C2A00130C74 /* Views */ = {
			isa = PBXGroup;
			children = (
				73BC9B4523F74DCD00130C74 /* ImageViewCell.swift */,
			);
			path = Views;
			sourceTree = "<group>";
		};
		73BC9B4323F74C5A00130C74 /* ViewModels */ = {
			isa = PBXGroup;
			children = (
				73BC9B4723F7525000130C74 /* ImageViewModel.swift */,
			);
			path = ViewModels;
			sourceTree = "<group>";
		};
		73BC9B4923F768C500130C74 /* Extensions */ = {
			isa = PBXGroup;
			children = (
				73BC9B4A23F768E700130C74 /* Extensions.swift */,
			);
			path = Extensions;
			sourceTree = "<group>";
		};
		EE153DA7C6299D9B9F423644 /* Pods */ = {
			isa = PBXGroup;
			children = (
				940EBBD5E6DBB2DAAD156326 /* Pods-SimplePhotoCollection.debug.xcconfig */,
				8FD50103853E7EB3B9C7B10D /* Pods-SimplePhotoCollection.release.xcconfig */,
			);
			path = Pods;
			sourceTree = "<group>";
		};
/* End PBXGroup section */

/* Begin PBXNativeTarget section */
		732C2B2F23F6BDAF00CEC14D /* SimplePhotoCollection */ = {
			isa = PBXNativeTarget;
			buildConfigurationList = 732C2B4423F6BDB100CEC14D /* Build configuration list for PBXNativeTarget "SimplePhotoCollection" */;
			buildPhases = (
				5FF46CAC1029246B890FC05F /* [CP] Check Pods Manifest.lock */,
				732C2B2C23F6BDAF00CEC14D /* Sources */,
				732C2B2D23F6BDAF00CEC14D /* Frameworks */,
				732C2B2E23F6BDAF00CEC14D /* Resources */,
				C575C1BDF32C8ECFA3DB65D2 /* [CP] Embed Pods Frameworks */,
			);
			buildRules = (
			);
			dependencies = (
			);
			name = SimplePhotoCollection;
			productName = SimplePhotoCollection;
			productReference = 732C2B3023F6BDAF00CEC14D /* SimplePhotoCollection.app */;
			productType = "com.apple.product-type.application";
		};
/* End PBXNativeTarget section */

/* Begin PBXProject section */
		732C2B2823F6BDAF00CEC14D /* Project object */ = {
			isa = PBXProject;
			attributes = {
				LastSwiftUpdateCheck = 1130;
				LastUpgradeCheck = 1130;
				ORGANIZATIONNAME = Ngo;
				TargetAttributes = {
					732C2B2F23F6BDAF00CEC14D = {
						CreatedOnToolsVersion = 11.3.1;
					};
				};
			};
			buildConfigurationList = 732C2B2B23F6BDAF00CEC14D /* Build configuration list for PBXProject "SimplePhotoCollection" */;
			compatibilityVersion = "Xcode 9.3";
			developmentRegion = en;
			hasScannedForEncodings = 0;
			knownRegions = (
				en,
				Base,
			);
			mainGroup = 732C2B2723F6BDAF00CEC14D;
			productRefGroup = 732C2B3123F6BDAF00CEC14D /* Products */;
			projectDirPath = "";
			projectRoot = "";
			targets = (
				732C2B2F23F6BDAF00CEC14D /* SimplePhotoCollection */,
			);
		};
/* End PBXProject section */

/* Begin PBXResourcesBuildPhase section */
		732C2B2E23F6BDAF00CEC14D /* Resources */ = {
			isa = PBXResourcesBuildPhase;
			buildActionMask = 2147483647;
			files = (
				732C2B4023F6BDB100CEC14D /* LaunchScreen.storyboard in Resources */,
				732C2B3D23F6BDB100CEC14D /* Assets.xcassets in Resources */,
				732C2B3B23F6BDAF00CEC14D /* Main.storyboard in Resources */,
			);
			runOnlyForDeploymentPostprocessing = 0;
		};
/* End PBXResourcesBuildPhase section */

/* Begin PBXShellScriptBuildPhase section */
		5FF46CAC1029246B890FC05F /* [CP] Check Pods Manifest.lock */ = {
			isa = PBXShellScriptBuildPhase;
			buildActionMask = 2147483647;
			files = (
			);
			inputFileListPaths = (
			);
			inputPaths = (
				"${PODS_PODFILE_DIR_PATH}/Podfile.lock",
				"${PODS_ROOT}/Manifest.lock",
			);
			name = "[CP] Check Pods Manifest.lock";
			outputFileListPaths = (
			);
			outputPaths = (
				"$(DERIVED_FILE_DIR)/Pods-SimplePhotoCollection-checkManifestLockResult.txt",
			);
			runOnlyForDeploymentPostprocessing = 0;
			shellPath = /bin/sh;
			shellScript = "diff \"${PODS_PODFILE_DIR_PATH}/Podfile.lock\" \"${PODS_ROOT}/Manifest.lock\" > /dev/null\nif [ $? != 0 ] ; then\n    # print error to STDERR\n    echo \"error: The sandbox is not in sync with the Podfile.lock. Run 'pod install' or update your CocoaPods installation.\" >&2\n    exit 1\nfi\n# This output is used by Xcode 'outputs' to avoid re-running this script phase.\necho \"SUCCESS\" > \"${SCRIPT_OUTPUT_FILE_0}\"\n";
			showEnvVarsInLog = 0;
		};
		C575C1BDF32C8ECFA3DB65D2 /* [CP] Embed Pods Frameworks */ = {
			isa = PBXShellScriptBuildPhase;
			buildActionMask = 2147483647;
			files = (
			);
			inputFileListPaths = (
				"${PODS_ROOT}/Target Support Files/Pods-SimplePhotoCollection/Pods-SimplePhotoCollection-frameworks-${CONFIGURATION}-input-files.xcfilelist",
			);
			name = "[CP] Embed Pods Frameworks";
			outputFileListPaths = (
				"${PODS_ROOT}/Target Support Files/Pods-SimplePhotoCollection/Pods-SimplePhotoCollection-frameworks-${CONFIGURATION}-output-files.xcfilelist",
			);
			runOnlyForDeploymentPostprocessing = 0;
			shellPath = /bin/sh;
			shellScript = "\"${PODS_ROOT}/Target Support Files/Pods-SimplePhotoCollection/Pods-SimplePhotoCollection-frameworks.sh\"\n";
			showEnvVarsInLog = 0;
		};
/* End PBXShellScriptBuildPhase section */

/* Begin PBXSourcesBuildPhase section */
		732C2B2C23F6BDAF00CEC14D /* Sources */ = {
			isa = PBXSourcesBuildPhase;
			buildActionMask = 2147483647;
			files = (
				732C2B3823F6BDAF00CEC14D /* PhotosViewController.swift in Sources */,
				73BC9B4623F74DCD00130C74 /* ImageViewCell.swift in Sources */,
				732C2B3423F6BDAF00CEC14D /* AppDelegate.swift in Sources */,
				732C2B5023F6CCEF00CEC14D /* Client.swift in Sources */,
				732C2B4E23F6C6C700CEC14D /* Router.swift in Sources */,
				732C2B3623F6BDAF00CEC14D /* SceneDelegate.swift in Sources */,
				73BC9B4B23F768E700130C74 /* Extensions.swift in Sources */,
				73BC9B4823F7525000130C74 /* ImageViewModel.swift in Sources */,
				731A6C4623F782E1000C7EF1 /* DetailViewControler.swift in Sources */,
				732C2B4C23F6C00E00CEC14D /* ImageModel.swift in Sources */,
			);
			runOnlyForDeploymentPostprocessing = 0;
		};
/* End PBXSourcesBuildPhase section */

/* Begin PBXVariantGroup section */
		732C2B3923F6BDAF00CEC14D /* Main.storyboard */ = {
			isa = PBXVariantGroup;
			children = (
				732C2B3A23F6BDAF00CEC14D /* Base */,
			);
			name = Main.storyboard;
			sourceTree = "<group>";
		};
		732C2B3E23F6BDB100CEC14D /* LaunchScreen.storyboard */ = {
			isa = PBXVariantGroup;
			children = (
				732C2B3F23F6BDB100CEC14D /* Base */,
			);
			name = LaunchScreen.storyboard;
			sourceTree = "<group>";
		};
/* End PBXVariantGroup section */

/* Begin XCBuildConfiguration section */
		732C2B4223F6BDB100CEC14D /* Debug */ = {
			isa = XCBuildConfiguration;
			buildSettings = {
				ALWAYS_SEARCH_USER_PATHS = NO;
				CLANG_ANALYZER_NONNULL = YES;
				CLANG_ANALYZER_NUMBER_OBJECT_CONVERSION = YES_AGGRESSIVE;
				CLANG_CXX_LANGUAGE_STANDARD = "gnu++14";
				CLANG_CXX_LIBRARY = "libc++";
				CLANG_ENABLE_MODULES = YES;
				CLANG_ENABLE_OBJC_ARC = YES;
				CLANG_ENABLE_OBJC_WEAK = YES;
				CLANG_WARN_BLOCK_CAPTURE_AUTORELEASING = YES;
				CLANG_WARN_BOOL_CONVERSION = YES;
				CLANG_WARN_COMMA = YES;
				CLANG_WARN_CONSTANT_CONVERSION = YES;
				CLANG_WARN_DEPRECATED_OBJC_IMPLEMENTATIONS = YES;
				CLANG_WARN_DIRECT_OBJC_ISA_USAGE = YES_ERROR;
				CLANG_WARN_DOCUMENTATION_COMMENTS = YES;
				CLANG_WARN_EMPTY_BODY = YES;
				CLANG_WARN_ENUM_CONVERSION = YES;
				CLANG_WARN_INFINITE_RECURSION = YES;
				CLANG_WARN_INT_CONVERSION = YES;
				CLANG_WARN_NON_LITERAL_NULL_CONVERSION = YES;
				CLANG_WARN_OBJC_IMPLICIT_RETAIN_SELF = YES;
				CLANG_WARN_OBJC_LITERAL_CONVERSION = YES;
				CLANG_WARN_OBJC_ROOT_CLASS = YES_ERROR;
				CLANG_WARN_RANGE_LOOP_ANALYSIS = YES;
				CLANG_WARN_STRICT_PROTOTYPES = YES;
				CLANG_WARN_SUSPICIOUS_MOVE = YES;
				CLANG_WARN_UNGUARDED_AVAILABILITY = YES_AGGRESSIVE;
				CLANG_WARN_UNREACHABLE_CODE = YES;
				CLANG_WARN__DUPLICATE_METHOD_MATCH = YES;
				COPY_PHASE_STRIP = NO;
				DEBUG_INFORMATION_FORMAT = dwarf;
				ENABLE_STRICT_OBJC_MSGSEND = YES;
				ENABLE_TESTABILITY = YES;
				GCC_C_LANGUAGE_STANDARD = gnu11;
				GCC_DYNAMIC_NO_PIC = NO;
				GCC_NO_COMMON_BLOCKS = YES;
				GCC_OPTIMIZATION_LEVEL = 0;
				GCC_PREPROCESSOR_DEFINITIONS = (
					"DEBUG=1",
					"$(inherited)",
				);
				GCC_WARN_64_TO_32_BIT_CONVERSION = YES;
				GCC_WARN_ABOUT_RETURN_TYPE = YES_ERROR;
				GCC_WARN_UNDECLARED_SELECTOR = YES;
				GCC_WARN_UNINITIALIZED_AUTOS = YES_AGGRESSIVE;
				GCC_WARN_UNUSED_FUNCTION = YES;
				GCC_WARN_UNUSED_VARIABLE = YES;
				IPHONEOS_DEPLOYMENT_TARGET = 13.2;
				MTL_ENABLE_DEBUG_INFO = INCLUDE_SOURCE;
				MTL_FAST_MATH = YES;
				ONLY_ACTIVE_ARCH = YES;
				SDKROOT = iphoneos;
				SWIFT_ACTIVE_COMPILATION_CONDITIONS = DEBUG;
				SWIFT_OPTIMIZATION_LEVEL = "-Onone";
			};
			name = Debug;
		};
		732C2B4323F6BDB100CEC14D /* Release */ = {
			isa = XCBuildConfiguration;
			buildSettings = {
				ALWAYS_SEARCH_USER_PATHS = NO;
				CLANG_ANALYZER_NONNULL = YES;
				CLANG_ANALYZER_NUMBER_OBJECT_CONVERSION = YES_AGGRESSIVE;
				CLANG_CXX_LANGUAGE_STANDARD = "gnu++14";
				CLANG_CXX_LIBRARY = "libc++";
				CLANG_ENABLE_MODULES = YES;
				CLANG_ENABLE_OBJC_ARC = YES;
				CLANG_ENABLE_OBJC_WEAK = YES;
				CLANG_WARN_BLOCK_CAPTURE_AUTORELEASING = YES;
				CLANG_WARN_BOOL_CONVERSION = YES;
				CLANG_WARN_COMMA = YES;
				CLANG_WARN_CONSTANT_CONVERSION = YES;
				CLANG_WARN_DEPRECATED_OBJC_IMPLEMENTATIONS = YES;
				CLANG_WARN_DIRECT_OBJC_ISA_USAGE = YES_ERROR;
				CLANG_WARN_DOCUMENTATION_COMMENTS = YES;
				CLANG_WARN_EMPTY_BODY = YES;
				CLANG_WARN_ENUM_CONVERSION = YES;
				CLANG_WARN_INFINITE_RECURSION = YES;
				CLANG_WARN_INT_CONVERSION = YES;
				CLANG_WARN_NON_LITERAL_NULL_CONVERSION = YES;
				CLANG_WARN_OBJC_IMPLICIT_RETAIN_SELF = YES;
				CLANG_WARN_OBJC_LITERAL_CONVERSION = YES;
				CLANG_WARN_OBJC_ROOT_CLASS = YES_ERROR;
				CLANG_WARN_RANGE_LOOP_ANALYSIS = YES;
				CLANG_WARN_STRICT_PROTOTYPES = YES;
				CLANG_WARN_SUSPICIOUS_MOVE = YES;
				CLANG_WARN_UNGUARDED_AVAILABILITY = YES_AGGRESSIVE;
				CLANG_WARN_UNREACHABLE_CODE = YES;
				CLANG_WARN__DUPLICATE_METHOD_MATCH = YES;
				COPY_PHASE_STRIP = NO;
				DEBUG_INFORMATION_FORMAT = "dwarf-with-dsym";
				ENABLE_NS_ASSERTIONS = NO;
				ENABLE_STRICT_OBJC_MSGSEND = YES;
				GCC_C_LANGUAGE_STANDARD = gnu11;
				GCC_NO_COMMON_BLOCKS = YES;
				GCC_WARN_64_TO_32_BIT_CONVERSION = YES;
				GCC_WARN_ABOUT_RETURN_TYPE = YES_ERROR;
				GCC_WARN_UNDECLARED_SELECTOR = YES;
				GCC_WARN_UNINITIALIZED_AUTOS = YES_AGGRESSIVE;
				GCC_WARN_UNUSED_FUNCTION = YES;
				GCC_WARN_UNUSED_VARIABLE = YES;
				IPHONEOS_DEPLOYMENT_TARGET = 13.2;
				MTL_ENABLE_DEBUG_INFO = NO;
				MTL_FAST_MATH = YES;
				SDKROOT = iphoneos;
				SWIFT_COMPILATION_MODE = wholemodule;
				SWIFT_OPTIMIZATION_LEVEL = "-O";
				VALIDATE_PRODUCT = YES;
			};
			name = Release;
		};
		732C2B4523F6BDB100CEC14D /* Debug */ = {
			isa = XCBuildConfiguration;
			baseConfigurationReference = 940EBBD5E6DBB2DAAD156326 /* Pods-SimplePhotoCollection.debug.xcconfig */;
			buildSettings = {
				ASSETCATALOG_COMPILER_APPICON_NAME = AppIcon;
				CODE_SIGN_STYLE = Automatic;
				DEVELOPMENT_TEAM = YPLA52K7UB;
				INFOPLIST_FILE = "SimplePhotoCollection/Support Files/Info.plist";
				LD_RUNPATH_SEARCH_PATHS = (
					"$(inherited)",
					"@executable_path/Frameworks",
				);
				PRODUCT_BUNDLE_IDENTIFIER = com.pngo.SimplePhotoCollection;
				PRODUCT_NAME = "$(TARGET_NAME)";
				SWIFT_VERSION = 5.0;
				TARGETED_DEVICE_FAMILY = "1,2";
			};
			name = Debug;
		};
		732C2B4623F6BDB100CEC14D /* Release */ = {
			isa = XCBuildConfiguration;
			baseConfigurationReference = 8FD50103853E7EB3B9C7B10D /* Pods-SimplePhotoCollection.release.xcconfig */;
			buildSettings = {
				ASSETCATALOG_COMPILER_APPICON_NAME = AppIcon;
				CODE_SIGN_STYLE = Automatic;
				DEVELOPMENT_TEAM = YPLA52K7UB;
				INFOPLIST_FILE = "SimplePhotoCollection/Support Files/Info.plist";
				LD_RUNPATH_SEARCH_PATHS = (
					"$(inherited)",
					"@executable_path/Frameworks",
				);
				PRODUCT_BUNDLE_IDENTIFIER = com.pngo.SimplePhotoCollection;
				PRODUCT_NAME = "$(TARGET_NAME)";
				SWIFT_VERSION = 5.0;
				TARGETED_DEVICE_FAMILY = "1,2";
			};
			name = Release;
		};
/* End XCBuildConfiguration section */

/* Begin XCConfigurationList section */
		732C2B2B23F6BDAF00CEC14D /* Build configuration list for PBXProject "SimplePhotoCollection" */ = {
			isa = XCConfigurationList;
			buildConfigurations = (
				732C2B4223F6BDB100CEC14D /* Debug */,
				732C2B4323F6BDB100CEC14D /* Release */,
			);
			defaultConfigurationIsVisible = 0;
			defaultConfigurationName = Release;
		};
		732C2B4423F6BDB100CEC14D /* Build configuration list for PBXNativeTarget "SimplePhotoCollection" */ = {
			isa = XCConfigurationList;
			buildConfigurations = (
				732C2B4523F6BDB100CEC14D /* Debug */,
				732C2B4623F6BDB100CEC14D /* Release */,
			);
			defaultConfigurationIsVisible = 0;
			defaultConfigurationName = Release;
		};
/* End XCConfigurationList section */
	};
	rootObject = 732C2B2823F6BDAF00CEC14D /* Project object */;
}
